<?xml version="1.0" encoding="utf-8"?>
<Project ToolsVersion="4.0" xmlns="http://schemas.microsoft.com/developer/msbuild/2003">
  <ItemGroup>
    <Filter Include="Source Files">
      <UniqueIdentifier>{4FC737F1-C7A5-4376-A066-2A32D752A2FF}</UniqueIdentifier>
      <Extensions>cpp;c;cc;cxx;def;odl;idl;hpj;bat;asm;asmx</Extensions>
    </Filter>
    <Filter Include="Header Files">
      <UniqueIdentifier>{93995380-89BD-4b04-88EB-625FBE52EBFB}</UniqueIdentifier>
      <Extensions>h;hpp;hxx;hm;inl;inc;xsd</Extensions>
    </Filter>
  </ItemGroup>
  <ItemGroup>
    <ClCompile Include="alignchime.cpp">
      <Filter>Source Files</Filter>
    </ClCompile>
    <ClCompile Include="alignchimel.cpp">
      <Filter>Source Files</Filter>
    </ClCompile>
    <ClCompile Include="alnparams.cpp">
      <Filter>Source Files</Filter>
    </ClCompile>
    <ClCompile Include="alpha.cpp">
      <Filter>Source Files</Filter>
    </ClCompile>
    <ClCompile Include="alpha2.cpp">
      <Filter>Source Files</Filter>
    </ClCompile>
    <ClCompile Include="fractid.cpp">
      <Filter>Source Files</Filter>
    </ClCompile>
    <ClCompile Include="getparents.cpp">
      <Filter>Source Files</Filter>
    </ClCompile>
    <ClCompile Include="globalalign2.cpp">
      <Filter>Source Files</Filter>
    </ClCompile>
    <ClCompile Include="make3way.cpp">
      <Filter>Source Files</Filter>
    </ClCompile>
    <ClCompile Include="mx.cpp">
      <Filter>Source Files</Filter>
    </ClCompile>
    <ClCompile Include="myutils.cpp">
      <Filter>Source Files</Filter>
    </ClCompile>
    <ClCompile Include="path.cpp">
      <Filter>Source Files</Filter>
    </ClCompile>
    <ClCompile Include="searchchime.cpp">
      <Filter>Source Files</Filter>
    </ClCompile>
    <ClCompile Include="seqdb.cpp">
      <Filter>Source Files</Filter>
    </ClCompile>
    <ClCompile Include="setnucmx.cpp">
      <Filter>Source Files</Filter>
    </ClCompile>
    <ClCompile Include="sfasta.cpp">
      <Filter>Source Files</Filter>
    </ClCompile>
    <ClCompile Include="tracebackbit.cpp">
      <Filter>Source Files</Filter>
    </ClCompile>
    <ClCompile Include="uchime_main.cpp">
      <Filter>Source Files</Filter>
    </ClCompile>
    <ClCompile Include="viterbifast.cpp">
      <Filter>Source Files</Filter>
    </ClCompile>
    <ClCompile Include="writechhit.cpp">
      <Filter>Source Files</Filter>
    </ClCompile>
    <ClCompile Include="addtargets2.cpp">
      <Filter>Source Files</Filter>
    </ClCompile>
    <ClCompile Include="usort.cpp">
      <Filter>Source Files</Filter>
    </ClCompile>
  </ItemGroup>
  <ItemGroup>
    <ClInclude Include="allocs.h">
      <Filter>Header Files</Filter>
    </ClInclude>
    <ClInclude Include="alnparams.h">
      <Filter>Header Files</Filter>
    </ClInclude>
    <ClInclude Include="counters.h">
      <Filter>Header Files</Filter>
    </ClInclude>
    <ClInclude Include="dp.h">
      <Filter>Header Files</Filter>
    </ClInclude>
    <ClInclude Include="help.h">
      <Filter>Header Files</Filter>
    </ClInclude>
    <ClInclude Include="mx.h">
      <Filter>Header Files</Filter>
    </ClInclude>
    <ClInclude Include="myopts.h">
      <Filter>Header Files</Filter>
    </ClInclude>
    <ClInclude Include="myutils.h">
      <Filter>Header Files</Filter>
    </ClInclude>
    <ClInclude Include="path.h">
      <Filter>Header Files</Filter>
    </ClInclude>
    <ClInclude Include="seq.h">
      <Filter>Header Files</Filter>
    </ClInclude>
    <ClInclude Include="seqdb.h">
      <Filter>Header Files</Filter>
    </ClInclude>
    <ClInclude Include="sfasta.h">
      <Filter>Header Files</Filter>
    </ClInclude>
    <ClInclude Include="svnmods.h">
      <Filter>Header Files</Filter>
    </ClInclude>
    <ClInclude Include="svnversion.h">
      <Filter>Header Files</Filter>
    </ClInclude>
    <ClInclude Include="timers.h">
      <Filter>Header Files</Filter>
    </ClInclude>
    <ClInclude Include="timing.h">
      <Filter>Header Files</Filter>
    </ClInclude>
    <ClInclude Include="windex.h">
      <Filter>Header Files</Filter>
    </ClInclude>
    <ClInclude Include="alnheuristics.h">
      <Filter>Header Files</Filter>
    </ClInclude>
    <ClInclude Include="alpha.h">
      <Filter>Header Files</Filter>
    </ClInclude>
    <ClInclude Include="chainer.h">
      <Filter>Header Files</Filter>
    </ClInclude>
    <ClInclude Include="chime.h">
      <Filter>Header Files</Filter>
    </ClInclude>
    <ClInclude Include="diagbox.h">
      <Filter>Header Files</Filter>
    </ClInclude>
    <ClInclude Include="evalue.h">
      <Filter>Header Files</Filter>
    </ClInclude>
    <ClInclude Include="hsp.h">
      <Filter>Header Files</Filter>
    </ClInclude>
    <ClInclude Include="hspfinder.h">
      <Filter>Header Files</Filter>
    </ClInclude>
    <ClInclude Include="orf.h">
      <Filter>Header Files</Filter>
    </ClInclude>
    <ClInclude Include="out.h">
      <Filter>Header Files</Filter>
    </ClInclude>
    <ClInclude Include="uc.h">
      <Filter>Header Files</Filter>
    </ClInclude>
    <ClInclude Include="ultra.h">
      <Filter>Header Files</Filter>
    </ClInclude>
  </ItemGroup>
</Project>